
Microsoft Visual Studio Solution File, Format Version 12.00
# Visual Studio 15
VisualStudioVersion = 15.0.26228.4
MinimumVisualStudioVersion = 10.0.40219.1
Project("{FAE04EC0-301F-11D3-BF4B-00C04F79EFBC}") = "Example5", "Example5.csproj", "{BCFC9B1A-84AE-4943-BE4A-03E3C6DE9F2A}"
EndProject
Global
	GlobalSection(SolutionConfigurationPlatforms) = preSolution
		Debug|Any CPU = Debug|Any CPU
		Release|Any CPU = Release|Any CPU
	EndGlobalSection
	GlobalSection(ProjectConfigurationPlatforms) = postSolution
		{BCFC9B1A-84AE-4943-BE4A-03E3C6DE9F2A}.Debug|Any CPU.ActiveCfg = Debug|Any CPU
		{BCFC9B1A-84AE-4943-BE4A-03E3C6DE9F2A}.Debug|Any CPU.Build.0 = Debug|Any CPU
		{BCFC9B1A-84AE-4943-BE4A-03E3C6DE9F2A}.Release|Any CPU.ActiveCfg = Release|Any CPU
		{BCFC9B1A-84AE-4943-BE4A-03E3C6DE9F2A}.Release|Any CPU.Build.0 = Release|Any CPU
	EndGlobalSection
	GlobalSection(SolutionProperties) = preSolution
		HideSolutionNode = FALSE
	EndGlobalSection
EndGlobal
